# This file is automatically @generated by Cargo.
# It is not intended for manual editing.
version = 3

[[package]]
name = "ansi_term"
version = "0.11.0"
source = "registry+https://github.com/rust-lang/crates.io-index"
checksum = "ee49baf6cb617b853aa8d93bf420db2383fab46d314482ca2803b40d5fde979b"
dependencies = [
 "winapi 0.3.4",
]

[[package]]
name = "ansi_term"
version = "0.12.0"
source = "registry+https://github.com/rust-lang/crates.io-index"
checksum = "eaa72766c3585a1f812a3387a7e2c6cab780f899c2f43ff6ea06c8d071fcbb36"
dependencies = [
 "winapi 0.3.4",
]

[[package]]
name = "anyhow"
version = "1.0.1"
source = "registry+https://github.com/rust-lang/crates.io-index"
checksum = "e731d5447b9485b350877a6799650655463855e8ac944e445abb1f89e778c2a2"

[[package]]
name = "atty"
version = "0.2.2"
source = "registry+https://github.com/rust-lang/crates.io-index"
checksum = "d912da0db7fa85514874458ca3651fe2cddace8d0b0505571dbdcd41ab490159"
dependencies = [
 "kernel32-sys",
 "libc",
 "winapi 0.2.4",
]

[[package]]
name = "bitflags"
version = "1.0.0"
source = "registry+https://github.com/rust-lang/crates.io-index"
checksum = "f5cde24d1b2e2216a726368b2363a273739c91f4e3eb4e0dd12d672d396ad989"

[[package]]
name = "byteorder"
version = "1.2.1"
source = "registry+https://github.com/rust-lang/crates.io-index"
checksum = "652805b7e73fada9d85e9a6682a4abd490cb52d96aeecc12e33a0de34dfd0d23"

[[package]]
name = "clap"
version = "2.33.0"
source = "registry+https://github.com/rust-lang/crates.io-index"
checksum = "5067f5bb2d80ef5d68b4c87db81601f0b75bca627bc2ef76b141d7b846a3c6d9"
dependencies = [
 "ansi_term 0.11.0",
 "atty",
 "bitflags",
 "strsim",
 "textwrap",
 "unicode-width",
 "vec_map",
]

[[package]]
name = "csv"
version = "1.0.0"
source = "registry+https://github.com/rust-lang/crates.io-index"
checksum = "71903184af9960c555e7f3b32ff17390d20ecaaf17d4f18c4a0993f2df8a49e3"
dependencies = [
 "csv-core",
 "serde",
]

[[package]]
name = "csv-core"
version = "0.1.4"
source = "registry+https://github.com/rust-lang/crates.io-index"
checksum = "4dd8e6d86f7ba48b4276ef1317edc8cc36167546d8972feb4a2b5fec0b374105"
dependencies = [
 "memchr",
]

[[package]]
name = "encode_unicode"
version = "0.3.0"
source = "registry+https://github.com/rust-lang/crates.io-index"
checksum = "8927c1166f271b9c3950500ffada737e31321b43fba0ac2100d954974d2020b5"

[[package]]
name = "heck"
version = "0.3.0"
source = "registry+https://github.com/rust-lang/crates.io-index"
checksum = "ea04fa3ead4e05e51a7c806fc07271fdbde4e246a6c6d1efd52e72230b771b82"
dependencies = [
 "unicode-segmentation",
]

[[package]]
name = "kernel32-sys"
version = "0.2.0"
source = "registry+https://github.com/rust-lang/crates.io-index"
checksum = "ad1ca084b49bfd975182288e1a5f1d27ea34ff2d6ae084ae5e66e1652427eada"
dependencies = [
 "winapi 0.2.4",
 "winapi-build",
]

[[package]]
name = "lazy_static"
version = "1.0.0"
source = "registry+https://github.com/rust-lang/crates.io-index"
checksum = "c8f31047daa365f19be14b47c29df4f7c3b581832407daabe6ae77397619237d"

[[package]]
name = "libc"
version = "0.2.18"
source = "registry+https://github.com/rust-lang/crates.io-index"
checksum = "a51822fc847e7a8101514d1d44e354ba2ffa7d4c194dcab48870740e327cac70"

[[package]]
name = "memchr"
version = "2.0.0"
source = "registry+https://github.com/rust-lang/crates.io-index"
checksum = "e01e64d9017d18e7fc09d8e4fe0e28ff6931019e979fb8019319db7ca827f8a6"
dependencies = [
 "libc",
]

[[package]]
name = "prettydiff"
version = "0.5.1"
source = "registry+https://github.com/rust-lang/crates.io-index"
checksum = "fb5671a83709b2755fe5b776d4915701bf36ed2cd9575035502ec12818141d71"
dependencies = [
 "ansi_term 0.12.0",
 "prettytable-rs",
 "structopt",
]

[[package]]
name = "prettyplease"
version = "0.1.2"
source = "registry+https://github.com/rust-lang/crates.io-index"
checksum = "c76e37a075ae09b1f183afcbbd97e9cde2900e1fbaebeee50b3925ccd559b55a"
dependencies = [
 "proc-macro2",
 "syn",
]

[[package]]
name = "prettyplease-cli"
version = "0.1.1-rc1"
dependencies = [
 "anyhow",
 "prettydiff",
 "prettyplease",
 "syn",
]

[[package]]
name = "prettytable-rs"
version = "0.8.0"
source = "registry+https://github.com/rust-lang/crates.io-index"
checksum = "0fd04b170004fa2daccf418a7f8253aaf033c27760b5f225889024cf66d7ac2e"
dependencies = [
 "atty",
 "csv",
 "encode_unicode",
 "lazy_static",
 "term",
 "unicode-width",
]

[[package]]
name = "proc-macro-error"
version = "0.2.0"
source = "registry+https://github.com/rust-lang/crates.io-index"
checksum = "0b5127cadb7667b00c24680b1672dfbaf9fbc5bd5889f1085b385fe950da9613"
dependencies = [
 "proc-macro2",
 "quote",
 "syn",
]

[[package]]
name = "proc-macro2"
version = "1.0.36"
source = "registry+https://github.com/rust-lang/crates.io-index"
checksum = "c7342d5883fbccae1cc37a2353b09c87c9b0f3afd73f5fb9bba687a1f733b029"
dependencies = [
 "unicode-xid",
]

[[package]]
name = "quote"
version = "1.0.14"
source = "registry+https://github.com/rust-lang/crates.io-index"
checksum = "47aa80447ce4daf1717500037052af176af5d38cc3e571d9ec1c7353fc10c87d"
dependencies = [
 "proc-macro2",
]

[[package]]
name = "serde"
version = "1.0.7"
source = "registry+https://github.com/rust-lang/crates.io-index"
checksum = "c0c3d79316a6051231925504f6ef893d45088e8823c77a8331a3dcf427ee9087"

[[package]]
name = "strsim"
version = "0.8.0"
source = "registry+https://github.com/rust-lang/crates.io-index"
checksum = "8ea5119cdb4c55b55d432abb513a0429384878c15dde60cc77b1c99de1a95a6a"

[[package]]
name = "structopt"
version = "0.3.0"
source = "registry+https://github.com/rust-lang/crates.io-index"
checksum = "48399718b3ad695558b979b08a9056a5272ec573cd3070f5ca34165bd4a5bf35"
dependencies = [
 "clap",
 "structopt-derive",
]

[[package]]
name = "structopt-derive"
version = "0.3.0"
source = "registry+https://github.com/rust-lang/crates.io-index"
checksum = "2558075232402034384db060831349fb2d1303479593177cc84c25febbebbc6d"
dependencies = [
 "heck",
 "proc-macro-error",
 "proc-macro2",
 "quote",
 "syn",
]

[[package]]
name = "syn"
version = "1.0.85"
source = "registry+https://github.com/rust-lang/crates.io-index"
checksum = "a684ac3dcd8913827e18cd09a68384ee66c1de24157e3c556c9ab16d85695fb7"
dependencies = [
 "proc-macro2",
 "quote",
 "unicode-xid",
]

[[package]]
name = "term"
version = "0.5.0"
source = "registry+https://github.com/rust-lang/crates.io-index"
checksum = "26eaf2d2cca0e99caa1c7a1e49be454f0b73352fe4242a5cd63522a723892e2f"
dependencies = [
 "byteorder",
 "winapi 0.3.4",
]

[[package]]
name = "textwrap"
version = "0.11.0"
source = "registry+https://github.com/rust-lang/crates.io-index"
checksum = "d326610f408c7a4eb6f51c37c330e496b08506c9457c9d34287ecc38809fb060"
dependencies = [
 "unicode-width",
]

[[package]]
name = "unicode-segmentation"
version = "1.2.0"
source = "registry+https://github.com/rust-lang/crates.io-index"
checksum = "a8083c594e02b8ae1654ae26f0ade5158b119bd88ad0e8227a5d8fcd72407946"

[[package]]
name = "unicode-width"
version = "0.1.4"
source = "registry+https://github.com/rust-lang/crates.io-index"
checksum = "bf3a113775714a22dcb774d8ea3655c53a32debae63a063acc00a91cc586245f"

[[package]]
name = "unicode-xid"
version = "0.2.0"
source = "registry+https://github.com/rust-lang/crates.io-index"
checksum = "826e7639553986605ec5979c7dd957c7895e93eabed50ab2ffa7f6128a75097c"

[[package]]
name = "vec_map"
version = "0.8.0"
source = "registry+https://github.com/rust-lang/crates.io-index"
checksum = "887b5b631c2ad01628bbbaa7dd4c869f80d3186688f8d0b6f58774fbe324988c"

[[package]]
name = "winapi"
version = "0.2.4"
source = "registry+https://github.com/rust-lang/crates.io-index"
checksum = "5350e40d908c7e8b9e5c9edb541ca47cc617c6229d3575a46da6f550f36c96fd"

[[package]]
name = "winapi"
version = "0.3.4"
source = "registry+https://github.com/rust-lang/crates.io-index"
checksum = "04e3bd221fcbe8a271359c04f21a76db7d0c6028862d1bb5512d85e1e2eb5bb3"
dependencies = [
 "winapi-i686-pc-windows-gnu",
 "winapi-x86_64-pc-windows-gnu",
]

[[package]]
name = "winapi-build"
version = "0.1.1"
source = "registry+https://github.com/rust-lang/crates.io-index"
checksum = "2d315eee3b34aca4797b2da6b13ed88266e6d612562a0c46390af8299fc699bc"

[[package]]
name = "winapi-i686-pc-windows-gnu"
version = "0.4.0"
source = "registry+https://github.com/rust-lang/crates.io-index"
checksum = "ac3b87c63620426dd9b991e5ce0329eff545bccbbb34f3be09ff6fb6ab51b7b6"

[[package]]
name = "winapi-x86_64-pc-windows-gnu"
version = "0.4.0"
source = "registry+https://github.com/rust-lang/crates.io-index"
checksum = "712e227841d057c1ee1cd2fb22fa7e5a5461ae8e48fa2ca79ec42cfc1931183f"
